
Microsoft Visual Studio Solution File, Format Version 12.00
# Visual Studio Version 16
VisualStudioVersion = 16.0.31624.102
MinimumVisualStudioVersion = 10.0.40219.1
Project("{FAE04EC0-301F-11D3-BF4B-00C04F79EFBC}") = "Shoe", "Shoe\Shoe.csproj", "{CEFFF758-BF7E-4E80-9470-EE4A179ADEDB}"
EndProject
Global
	GlobalSection(SolutionConfigurationPlatforms) = preSolution
		Debug|Any CPU = Debug|Any CPU
		Release|Any CPU = Release|Any CPU
	EndGlobalSection
	GlobalSection(ProjectConfigurationPlatforms) = postSolution
		{CEFFF758-BF7E-4E80-9470-EE4A179ADEDB}.Debug|Any CPU.ActiveCfg = Debug|Any CPU
		{CEFFF758-BF7E-4E80-9470-EE4A179ADEDB}.Debug|Any CPU.Build.0 = Debug|Any CPU
		{CEFFF758-BF7E-4E80-9470-EE4A179ADEDB}.Release|Any CPU.ActiveCfg = Release|Any CPU
		{CEFFF758-BF7E-4E80-9470-EE4A179ADEDB}.Release|Any CPU.Build.0 = Release|Any CPU
	EndGlobalSection
	GlobalSection(SolutionProperties) = preSolution
		HideSolutionNode = FALSE
	EndGlobalSection
	GlobalSection(ExtensibilityGlobals) = postSolution
		SolutionGuid = {5CEFAEB6-E860-43F7-BC19-00BAF7D821F2}
	EndGlobalSection
EndGlobal
